dependencies:
  JPEGDEC:
    dependencies: []
    source:
      path: /Development/EspIdfPhotoDisplayer/submodules/JPEGDEC
      type: local
    version: '*'
  esp_lcd_sh8601:
    dependencies: []
    source:
      path: /Development/EspIdfPhotoDisplayer/IDF_photodisplay/components/esp_lcd_sh8601
      type: local
    version: 1.0.0
  espressif/cmake_utilities:
    component_hash: 351350613ceafba240b761b4ea991e0f231ac7a9f59a9ee901f751bddc0bb18f
    dependencies:
    - name: idf
      require: private
      version: '>=4.1'
    source:
      registry_url: https://components.espressif.com/
      type: service
    version: 0.5.3
  espressif/esp-dsp:
    component_hash: 619639efc18cfa361a9e423739b9b0ffc14991effc6c027f955c2f2c3bf1754b
    dependencies:
    - name: idf
      require: private
      version: '>=4.2'
    source:
      registry_url: https://components.espressif.com/
      type: service
    version: 1.6.0
  espressif/esp_io_expander:
    component_hash: fbc0de4082fc7c207dc98a93a0ed83d1a929a4ecee83cc567afb406f3ee6d4a6
    dependencies:
    - name: idf
      require: private
      version: '>=4.4.2'
    source:
      registry_url: https://components.espressif.com
      type: service
    version: 1.0.1
  espressif/esp_io_expander_tca9554:
    component_hash: e9e49ddb1038c2b54b13c51b5e3e6dbdd10a878959c8ab0e0a7c8206316add61
    dependencies:
    - name: idf
      require: private
      version: '>=4.4.2'
    - name: espressif/esp_io_expander
      registry_url: https://components.espressif.com
      require: private
      version: ^1.0.1
    source:
      registry_url: https://components.espressif.com/
      type: service
    version: 1.0.1
  espressif/esp_lcd_touch:
    component_hash: 779b4ba2464a3ae85681e4b860caa5fdc35801458c23f3039ee761bae7f442a4
    dependencies:
    - name: idf
      require: private
      version: '>=4.4.2'
    source:
      registry_url: https://components.espressif.com
      type: service
    version: 1.1.2
  espressif/esp_lcd_touch_ft5x06:
    component_hash: abaec05f46a793549b60afdda9eff86e3c8e87782c8c169007911232388d2858
    dependencies:
    - name: espressif/esp_lcd_touch
      registry_url: https://components.espressif.com
      require: public
      version: ^1.0.4
    - name: idf
      require: private
      version: '>=4.4.2'
    source:
      registry_url: https://components.espressif.com/
      type: service
    version: 1.0.7
  idf:
    source:
      type: idf
    version: 5.5.0
  lvgl/lvgl:
    dependencies: []
    source:
      path: /Development/EspIdfPhotoDisplayer/submodules/lvgl
      type: local
    version: '*'
direct_dependencies:
- JPEGDEC
- esp_lcd_sh8601
- espressif/cmake_utilities
- espressif/esp-dsp
- espressif/esp_io_expander_tca9554
- espressif/esp_lcd_touch_ft5x06
- idf
- lvgl/lvgl
manifest_hash: 7dfad023974e89ba7b7bbf76a0109f8923ce90fa02eef95a596375110931e46d
target: esp32s3
version: 2.0.0
